// !$*UTF8*$!
{
	archiveVersion = 1;
	classes = {
	};
	objectVersion = 50;
	objects = {

/* Begin PBXBuildFile section */
		49D1610821CE68BB00F5C0CB /* AppDelegate.swift in Sources */ = {isa = PBXBuildFile; fileRef = 49D1610721CE68BB00F5C0CB /* AppDelegate.swift */; };
		49D1610A21CE68BB00F5C0CB /* ViewController.swift in Sources */ = {isa = PBXBuildFile; fileRef = 49D1610921CE68BB00F5C0CB /* ViewController.swift */; };
		49D1610D21CE68BB00F5C0CB /* Main.storyboard in Resources */ = {isa = PBXBuildFile; fileRef = 49D1610B21CE68BB00F5C0CB /* Main.storyboard */; };
		49D1610F21CE68C000F5C0CB /* Assets.xcassets in Resources */ = {isa = PBXBuildFile; fileRef = 49D1610E21CE68C000F5C0CB /* Assets.xcassets */; };
		49D1611221CE68C000F5C0CB /* LaunchScreen.storyboard in Resources */ = {isa = PBXBuildFile; fileRef = 49D1611021CE68C000F5C0CB /* LaunchScreen.storyboard */; };
		49D1611B21CE69D400F5C0CB /* ToDoItem.swift in Sources */ = {isa = PBXBuildFile; fileRef = 49D1611A21CE69D400F5C0CB /* ToDoItem.swift */; };
		49D1611D21CE6C0300F5C0CB /* ToDoStatus.swift in Sources */ = {isa = PBXBuildFile; fileRef = 49D1611C21CE6C0300F5C0CB /* ToDoStatus.swift */; };
		49D1612121CE6E9F00F5C0CB /* StoreService.swift in Sources */ = {isa = PBXBuildFile; fileRef = 49D1612021CE6E9F00F5C0CB /* StoreService.swift */; };
		49D1612521CFCAB400F5C0CB /* InMemoryStoreService.swift in Sources */ = {isa = PBXBuildFile; fileRef = 49D1612421CFCAB400F5C0CB /* InMemoryStoreService.swift */; };
		49D1614221D0030700F5C0CB /* TasksListViewController.swift in Sources */ = {isa = PBXBuildFile; fileRef = 49D1614121D0030700F5C0CB /* TasksListViewController.swift */; };
		49D1614521D0031B00F5C0CB /* TasksListViewProtocols.swift in Sources */ = {isa = PBXBuildFile; fileRef = 49D1614421D0031B00F5C0CB /* TasksListViewProtocols.swift */; };
		49D1614821D0032A00F5C0CB /* TasksListPresenter.swift in Sources */ = {isa = PBXBuildFile; fileRef = 49D1614721D0032A00F5C0CB /* TasksListPresenter.swift */; };
		49D1614A21D0033700F5C0CB /* TasksListInteractorProtocols.swift in Sources */ = {isa = PBXBuildFile; fileRef = 49D1614921D0033700F5C0CB /* TasksListInteractorProtocols.swift */; };
		49D1614C21D0034100F5C0CB /* TasksListInteractor.swift in Sources */ = {isa = PBXBuildFile; fileRef = 49D1614B21D0034100F5C0CB /* TasksListInteractor.swift */; };
		49D1614E21D0038C00F5C0CB /* TasksListAssembly.swift in Sources */ = {isa = PBXBuildFile; fileRef = 49D1614D21D0038C00F5C0CB /* TasksListAssembly.swift */; };
		49D1615021D0039800F5C0CB /* TasksListRouter.swift in Sources */ = {isa = PBXBuildFile; fileRef = 49D1614F21D0039800F5C0CB /* TasksListRouter.swift */; };
		49D1615221D003E400F5C0CB /* TasksListViewModels.swift in Sources */ = {isa = PBXBuildFile; fileRef = 49D1615121D003E400F5C0CB /* TasksListViewModels.swift */; };
		49D1615421D00BF400F5C0CB /* StoreServiceErrors.swift in Sources */ = {isa = PBXBuildFile; fileRef = 49D1615321D00BF400F5C0CB /* StoreServiceErrors.swift */; };
		49D1615621D012F200F5C0CB /* Cartfile in Resources */ = {isa = PBXBuildFile; fileRef = 49D1615521D012F200F5C0CB /* Cartfile */; };
		49D1615D21D0170900F5C0CB /* TaskListTableViewCell.swift in Sources */ = {isa = PBXBuildFile; fileRef = 49D1615C21D0170900F5C0CB /* TaskListTableViewCell.swift */; };
		49D1615E21D0342000F5C0CB /* SnapKit.framework in Frameworks */ = {isa = PBXBuildFile; fileRef = 49D1615A21D0167100F5C0CB /* SnapKit.framework */; };
		49D1615F21D0342000F5C0CB /* SnapKit.framework in Embed Frameworks */ = {isa = PBXBuildFile; fileRef = 49D1615A21D0167100F5C0CB /* SnapKit.framework */; settings = {ATTRIBUTES = (CodeSignOnCopy, RemoveHeadersOnCopy, ); }; };
		49D1616921D043CB00F5C0CB /* TaskEditorViewProtocols.swift in Sources */ = {isa = PBXBuildFile; fileRef = 49D1616821D043CB00F5C0CB /* TaskEditorViewProtocols.swift */; };
		49D1616B21D043F500F5C0CB /* TaskEditorViewModels.swift in Sources */ = {isa = PBXBuildFile; fileRef = 49D1616A21D043F500F5C0CB /* TaskEditorViewModels.swift */; };
		49D1616D21D0440700F5C0CB /* TaskEditorViewController.swift in Sources */ = {isa = PBXBuildFile; fileRef = 49D1616C21D0440700F5C0CB /* TaskEditorViewController.swift */; };
		49D1616F21D0443500F5C0CB /* TaskEditorPresenter.swift in Sources */ = {isa = PBXBuildFile; fileRef = 49D1616E21D0443500F5C0CB /* TaskEditorPresenter.swift */; };
		49D1617121D0445B00F5C0CB /* TaskEditorInteractorProtocols.swift in Sources */ = {isa = PBXBuildFile; fileRef = 49D1617021D0445B00F5C0CB /* TaskEditorInteractorProtocols.swift */; };
		49D1617321D0446700F5C0CB /* TaskEditorInteractor.swift in Sources */ = {isa = PBXBuildFile; fileRef = 49D1617221D0446700F5C0CB /* TaskEditorInteractor.swift */; };
		49D1617521D0447600F5C0CB /* TaskEditorAssembly.swift in Sources */ = {isa = PBXBuildFile; fileRef = 49D1617421D0447600F5C0CB /* TaskEditorAssembly.swift */; };
		49D1617721D0BEFA00F5C0CB /* TextFieldTableViewCell.swift in Sources */ = {isa = PBXBuildFile; fileRef = 49D1617621D0BEFA00F5C0CB /* TextFieldTableViewCell.swift */; };
		49D1617921D0BF2800F5C0CB /* TextAreaTableViewCell.swift in Sources */ = {isa = PBXBuildFile; fileRef = 49D1617821D0BF2800F5C0CB /* TextAreaTableViewCell.swift */; };
		49D1617B21D0BF8000F5C0CB /* TextTableViewCell.swift in Sources */ = {isa = PBXBuildFile; fileRef = 49D1617A21D0BF8000F5C0CB /* TextTableViewCell.swift */; };
		49D1618321D0EFD500F5C0CB /* TransitionHandler.swift in Sources */ = {isa = PBXBuildFile; fileRef = 49D1618221D0EFD500F5C0CB /* TransitionHandler.swift */; };
		49D1618621D0F31B00F5C0CB /* TaskEditorRouter.swift in Sources */ = {isa = PBXBuildFile; fileRef = 49D1618521D0F31B00F5C0CB /* TaskEditorRouter.swift */; };
		49D1618821D0F38D00F5C0CB /* DatePicker.swift in Sources */ = {isa = PBXBuildFile; fileRef = 49D1618721D0F38D00F5C0CB /* DatePicker.swift */; };
		49D1619021D1124100F5C0CB /* StatusPickerViewProtocols.swift in Sources */ = {isa = PBXBuildFile; fileRef = 49D1618F21D1124100F5C0CB /* StatusPickerViewProtocols.swift */; };
		49D1619321D112A800F5C0CB /* StatusPickerViewModels.swift in Sources */ = {isa = PBXBuildFile; fileRef = 49D1619221D112A800F5C0CB /* StatusPickerViewModels.swift */; };
		49D1619521D1133800F5C0CB /* StatusPickerTableViewController.swift in Sources */ = {isa = PBXBuildFile; fileRef = 49D1619421D1133800F5C0CB /* StatusPickerTableViewController.swift */; };
		49D1619921D117BD00F5C0CB /* StatusPickerPresenter.swift in Sources */ = {isa = PBXBuildFile; fileRef = 49D1619821D117BD00F5C0CB /* StatusPickerPresenter.swift */; };
		49D1619C21D118A700F5C0CB /* StatusPickerModuleProtocols.swift in Sources */ = {isa = PBXBuildFile; fileRef = 49D1619B21D118A700F5C0CB /* StatusPickerModuleProtocols.swift */; };
		49D1619E21D11AEA00F5C0CB /* StatusPickerRouter.swift in Sources */ = {isa = PBXBuildFile; fileRef = 49D1619D21D11AEA00F5C0CB /* StatusPickerRouter.swift */; };
/* End PBXBuildFile section */

/* Begin PBXCopyFilesBuildPhase section */
		49D1616021D0342300F5C0CB /* Embed Frameworks */ = {
			isa = PBXCopyFilesBuildPhase;
			buildActionMask = 2147483647;
			dstPath = "";
			dstSubfolderSpec = 10;
			files = (
				49D1615F21D0342000F5C0CB /* SnapKit.framework in Embed Frameworks */,
			);
			name = "Embed Frameworks";
			runOnlyForDeploymentPostprocessing = 0;
		};
/* End PBXCopyFilesBuildPhase section */

/* Begin PBXFileReference section */
		49D1610421CE68BB00F5C0CB /* ToDo.app */ = {isa = PBXFileReference; explicitFileType = wrapper.application; includeInIndex = 0; path = ToDo.app; sourceTree = BUILT_PRODUCTS_DIR; };
		49D1610721CE68BB00F5C0CB /* AppDelegate.swift */ = {isa = PBXFileReference; lastKnownFileType = sourcecode.swift; path = AppDelegate.swift; sourceTree = "<group>"; };
		49D1610921CE68BB00F5C0CB /* ViewController.swift */ = {isa = PBXFileReference; lastKnownFileType = sourcecode.swift; path = ViewController.swift; sourceTree = "<group>"; };
		49D1610C21CE68BB00F5C0CB /* Base */ = {isa = PBXFileReference; lastKnownFileType = file.storyboard; name = Base; path = Base.lproj/Main.storyboard; sourceTree = "<group>"; };
		49D1610E21CE68C000F5C0CB /* Assets.xcassets */ = {isa = PBXFileReference; lastKnownFileType = folder.assetcatalog; path = Assets.xcassets; sourceTree = "<group>"; };
		49D1611121CE68C000F5C0CB /* Base */ = {isa = PBXFileReference; lastKnownFileType = file.storyboard; name = Base; path = Base.lproj/LaunchScreen.storyboard; sourceTree = "<group>"; };
		49D1611321CE68C000F5C0CB /* Info.plist */ = {isa = PBXFileReference; lastKnownFileType = text.plist.xml; path = Info.plist; sourceTree = "<group>"; };
		49D1611A21CE69D400F5C0CB /* ToDoItem.swift */ = {isa = PBXFileReference; lastKnownFileType = sourcecode.swift; path = ToDoItem.swift; sourceTree = "<group>"; };
		49D1611C21CE6C0300F5C0CB /* ToDoStatus.swift */ = {isa = PBXFileReference; lastKnownFileType = sourcecode.swift; path = ToDoStatus.swift; sourceTree = "<group>"; };
		49D1612021CE6E9F00F5C0CB /* StoreService.swift */ = {isa = PBXFileReference; lastKnownFileType = sourcecode.swift; path = StoreService.swift; sourceTree = "<group>"; };
		49D1612421CFCAB400F5C0CB /* InMemoryStoreService.swift */ = {isa = PBXFileReference; lastKnownFileType = sourcecode.swift; path = InMemoryStoreService.swift; sourceTree = "<group>"; };
		49D1614121D0030700F5C0CB /* TasksListViewController.swift */ = {isa = PBXFileReference; lastKnownFileType = sourcecode.swift; path = TasksListViewController.swift; sourceTree = "<group>"; };
		49D1614421D0031B00F5C0CB /* TasksListViewProtocols.swift */ = {isa = PBXFileReference; lastKnownFileType = sourcecode.swift; path = TasksListViewProtocols.swift; sourceTree = "<group>"; };
		49D1614721D0032A00F5C0CB /* TasksListPresenter.swift */ = {isa = PBXFileReference; lastKnownFileType = sourcecode.swift; path = TasksListPresenter.swift; sourceTree = "<group>"; };
		49D1614921D0033700F5C0CB /* TasksListInteractorProtocols.swift */ = {isa = PBXFileReference; lastKnownFileType = sourcecode.swift; path = TasksListInteractorProtocols.swift; sourceTree = "<group>"; };
		49D1614B21D0034100F5C0CB /* TasksListInteractor.swift */ = {isa = PBXFileReference; lastKnownFileType = sourcecode.swift; path = TasksListInteractor.swift; sourceTree = "<group>"; };
		49D1614D21D0038C00F5C0CB /* TasksListAssembly.swift */ = {isa = PBXFileReference; lastKnownFileType = sourcecode.swift; path = TasksListAssembly.swift; sourceTree = "<group>"; };
		49D1614F21D0039800F5C0CB /* TasksListRouter.swift */ = {isa = PBXFileReference; lastKnownFileType = sourcecode.swift; path = TasksListRouter.swift; sourceTree = "<group>"; };
		49D1615121D003E400F5C0CB /* TasksListViewModels.swift */ = {isa = PBXFileReference; lastKnownFileType = sourcecode.swift; path = TasksListViewModels.swift; sourceTree = "<group>"; };
		49D1615321D00BF400F5C0CB /* StoreServiceErrors.swift */ = {isa = PBXFileReference; lastKnownFileType = sourcecode.swift; path = StoreServiceErrors.swift; sourceTree = "<group>"; };
		49D1615521D012F200F5C0CB /* Cartfile */ = {isa = PBXFileReference; lastKnownFileType = text; path = Cartfile; sourceTree = "<group>"; };
		49D1615A21D0167100F5C0CB /* SnapKit.framework */ = {isa = PBXFileReference; lastKnownFileType = wrapper.framework; name = SnapKit.framework; path = Carthage/Build/iOS/SnapKit.framework; sourceTree = "<group>"; };
		49D1615C21D0170900F5C0CB /* TaskListTableViewCell.swift */ = {isa = PBXFileReference; lastKnownFileType = sourcecode.swift; path = TaskListTableViewCell.swift; sourceTree = "<group>"; };
		49D1616821D043CB00F5C0CB /* TaskEditorViewProtocols.swift */ = {isa = PBXFileReference; lastKnownFileType = sourcecode.swift; path = TaskEditorViewProtocols.swift; sourceTree = "<group>"; };
		49D1616A21D043F500F5C0CB /* TaskEditorViewModels.swift */ = {isa = PBXFileReference; lastKnownFileType = sourcecode.swift; path = TaskEditorViewModels.swift; sourceTree = "<group>"; };
		49D1616C21D0440700F5C0CB /* TaskEditorViewController.swift */ = {isa = PBXFileReference; lastKnownFileType = sourcecode.swift; path = TaskEditorViewController.swift; sourceTree = "<group>"; };
		49D1616E21D0443500F5C0CB /* TaskEditorPresenter.swift */ = {isa = PBXFileReference; lastKnownFileType = sourcecode.swift; path = TaskEditorPresenter.swift; sourceTree = "<group>"; };
		49D1617021D0445B00F5C0CB /* TaskEditorInteractorProtocols.swift */ = {isa = PBXFileReference; lastKnownFileType = sourcecode.swift; path = TaskEditorInteractorProtocols.swift; sourceTree = "<group>"; };
		49D1617221D0446700F5C0CB /* TaskEditorInteractor.swift */ = {isa = PBXFileReference; lastKnownFileType = sourcecode.swift; path = TaskEditorInteractor.swift; sourceTree = "<group>"; };
		49D1617421D0447600F5C0CB /* TaskEditorAssembly.swift */ = {isa = PBXFileReference; lastKnownFileType = sourcecode.swift; path = TaskEditorAssembly.swift; sourceTree = "<group>"; };
		49D1617621D0BEFA00F5C0CB /* TextFieldTableViewCell.swift */ = {isa = PBXFileReference; lastKnownFileType = sourcecode.swift; path = TextFieldTableViewCell.swift; sourceTree = "<group>"; };
		49D1617821D0BF2800F5C0CB /* TextAreaTableViewCell.swift */ = {isa = PBXFileReference; lastKnownFileType = sourcecode.swift; path = TextAreaTableViewCell.swift; sourceTree = "<group>"; };
		49D1617A21D0BF8000F5C0CB /* TextTableViewCell.swift */ = {isa = PBXFileReference; lastKnownFileType = sourcecode.swift; path = TextTableViewCell.swift; sourceTree = "<group>"; };
		49D1618221D0EFD500F5C0CB /* TransitionHandler.swift */ = {isa = PBXFileReference; lastKnownFileType = sourcecode.swift; path = TransitionHandler.swift; sourceTree = "<group>"; };
		49D1618521D0F31B00F5C0CB /* TaskEditorRouter.swift */ = {isa = PBXFileReference; lastKnownFileType = sourcecode.swift; path = TaskEditorRouter.swift; sourceTree = "<group>"; };
		49D1618721D0F38D00F5C0CB /* DatePicker.swift */ = {isa = PBXFileReference; lastKnownFileType = sourcecode.swift; path = DatePicker.swift; sourceTree = "<group>"; };
		49D1618F21D1124100F5C0CB /* StatusPickerViewProtocols.swift */ = {isa = PBXFileReference; lastKnownFileType = sourcecode.swift; path = StatusPickerViewProtocols.swift; sourceTree = "<group>"; };
		49D1619221D112A800F5C0CB /* StatusPickerViewModels.swift */ = {isa = PBXFileReference; lastKnownFileType = sourcecode.swift; path = StatusPickerViewModels.swift; sourceTree = "<group>"; };
		49D1619421D1133800F5C0CB /* StatusPickerTableViewController.swift */ = {isa = PBXFileReference; lastKnownFileType = sourcecode.swift; path = StatusPickerTableViewController.swift; sourceTree = "<group>"; };
		49D1619821D117BD00F5C0CB /* StatusPickerPresenter.swift */ = {isa = PBXFileReference; lastKnownFileType = sourcecode.swift; path = StatusPickerPresenter.swift; sourceTree = "<group>"; };
		49D1619B21D118A700F5C0CB /* StatusPickerModuleProtocols.swift */ = {isa = PBXFileReference; lastKnownFileType = sourcecode.swift; path = StatusPickerModuleProtocols.swift; sourceTree = "<group>"; };
		49D1619D21D11AEA00F5C0CB /* StatusPickerRouter.swift */ = {isa = PBXFileReference; lastKnownFileType = sourcecode.swift; path = StatusPickerRouter.swift; sourceTree = "<group>"; };
/* End PBXFileReference section */

/* Begin PBXFrameworksBuildPhase section */
		49D1610121CE68BB00F5C0CB /* Frameworks */ = {
			isa = PBXFrameworksBuildPhase;
			buildActionMask = 2147483647;
			files = (
				49D1615E21D0342000F5C0CB /* SnapKit.framework in Frameworks */,
			);
			runOnlyForDeploymentPostprocessing = 0;
		};
/* End PBXFrameworksBuildPhase section */

/* Begin PBXGroup section */
		49D160FB21CE68BB00F5C0CB = {
			isa = PBXGroup;
			children = (
				49D1615521D012F200F5C0CB /* Cartfile */,
				49D1610621CE68BB00F5C0CB /* ToDo */,
				49D1610521CE68BB00F5C0CB /* Products */,
				49D1615921D0167000F5C0CB /* Frameworks */,
			);
			sourceTree = "<group>";
		};
		49D1610521CE68BB00F5C0CB /* Products */ = {
			isa = PBXGroup;
			children = (
				49D1610421CE68BB00F5C0CB /* ToDo.app */,
			);
			name = Products;
			sourceTree = "<group>";
		};
		49D1610621CE68BB00F5C0CB /* ToDo */ = {
			isa = PBXGroup;
			children = (
				49D1613821D0028A00F5C0CB /* Modules */,
				49D1611E21CE6D7A00F5C0CB /* Services */,
				49D1611921CE696B00F5C0CB /* Entities */,
				49D1610721CE68BB00F5C0CB /* AppDelegate.swift */,
				49D1610921CE68BB00F5C0CB /* ViewController.swift */,
				49D1610B21CE68BB00F5C0CB /* Main.storyboard */,
				49D1610E21CE68C000F5C0CB /* Assets.xcassets */,
				49D1611021CE68C000F5C0CB /* LaunchScreen.storyboard */,
				49D1611321CE68C000F5C0CB /* Info.plist */,
				49D1618221D0EFD500F5C0CB /* TransitionHandler.swift */,
			);
			path = ToDo;
			sourceTree = "<group>";
		};
		49D1611921CE696B00F5C0CB /* Entities */ = {
			isa = PBXGroup;
			children = (
				49D1611A21CE69D400F5C0CB /* ToDoItem.swift */,
				49D1611C21CE6C0300F5C0CB /* ToDoStatus.swift */,
			);
			path = Entities;
			sourceTree = "<group>";
		};
		49D1611E21CE6D7A00F5C0CB /* Services */ = {
			isa = PBXGroup;
			children = (
				49D1611F21CE6E8D00F5C0CB /* StoreService */,
			);
			path = Services;
			sourceTree = "<group>";
		};
		49D1611F21CE6E8D00F5C0CB /* StoreService */ = {
			isa = PBXGroup;
			children = (
				49D1612021CE6E9F00F5C0CB /* StoreService.swift */,
				49D1612421CFCAB400F5C0CB /* InMemoryStoreService.swift */,
				49D1615321D00BF400F5C0CB /* StoreServiceErrors.swift */,
			);
			path = StoreService;
			sourceTree = "<group>";
		};
		49D1613821D0028A00F5C0CB /* Modules */ = {
			isa = PBXGroup;
			children = (
				49D1618921D111A600F5C0CB /* StatusPicker */,
				49D1616121D03A8500F5C0CB /* TaskEditor */,
				49D1613921D0029700F5C0CB /* TasksList */,
				49D1618721D0F38D00F5C0CB /* DatePicker.swift */,
			);
			path = Modules;
			sourceTree = "<group>";
		};
		49D1613921D0029700F5C0CB /* TasksList */ = {
			isa = PBXGroup;
			children = (
				49D1613E21D002B800F5C0CB /* Router */,
				49D1613D21D002B200F5C0CB /* Assembly */,
				49D1613C21D002AC00F5C0CB /* Interactor */,
				49D1613B21D002A700F5C0CB /* Presenter */,
				49D1613A21D002A000F5C0CB /* View */,
			);
			path = TasksList;
			sourceTree = "<group>";
		};
		49D1613A21D002A000F5C0CB /* View */ = {
			isa = PBXGroup;
			children = (
				49D1613F21D002C500F5C0CB /* Protocols */,
				49D1614121D0030700F5C0CB /* TasksListViewController.swift */,
				49D1615C21D0170900F5C0CB /* TaskListTableViewCell.swift */,
			);
			path = View;
			sourceTree = "<group>";
		};
		49D1613B21D002A700F5C0CB /* Presenter */ = {
			isa = PBXGroup;
			children = (
				49D1614721D0032A00F5C0CB /* TasksListPresenter.swift */,
			);
			path = Presenter;
			sourceTree = "<group>";
		};
		49D1613C21D002AC00F5C0CB /* Interactor */ = {
			isa = PBXGroup;
			children = (
				49D1614021D002CD00F5C0CB /* Protocols */,
				49D1614B21D0034100F5C0CB /* TasksListInteractor.swift */,
			);
			path = Interactor;
			sourceTree = "<group>";
		};
		49D1613D21D002B200F5C0CB /* Assembly */ = {
			isa = PBXGroup;
			children = (
				49D1614D21D0038C00F5C0CB /* TasksListAssembly.swift */,
			);
			path = Assembly;
			sourceTree = "<group>";
		};
		49D1613E21D002B800F5C0CB /* Router */ = {
			isa = PBXGroup;
			children = (
				49D1614F21D0039800F5C0CB /* TasksListRouter.swift */,
			);
			path = Router;
			sourceTree = "<group>";
		};
		49D1613F21D002C500F5C0CB /* Protocols */ = {
			isa = PBXGroup;
			children = (
				49D1614421D0031B00F5C0CB /* TasksListViewProtocols.swift */,
				49D1615121D003E400F5C0CB /* TasksListViewModels.swift */,
			);
			path = Protocols;
			sourceTree = "<group>";
		};
		49D1614021D002CD00F5C0CB /* Protocols */ = {
			isa = PBXGroup;
			children = (
				49D1614921D0033700F5C0CB /* TasksListInteractorProtocols.swift */,
			);
			path = Protocols;
			sourceTree = "<group>";
		};
		49D1615921D0167000F5C0CB /* Frameworks */ = {
			isa = PBXGroup;
			children = (
				49D1615A21D0167100F5C0CB /* SnapKit.framework */,
			);
			name = Frameworks;
			sourceTree = "<group>";
		};
		49D1616121D03A8500F5C0CB /* TaskEditor */ = {
			isa = PBXGroup;
			children = (
				49D1618421D0F30E00F5C0CB /* Router */,
				49D1616521D03AA500F5C0CB /* Assembly */,
				49D1616421D03A9F00F5C0CB /* Interactor */,
				49D1616321D03A9B00F5C0CB /* Presenter */,
				49D1616221D03A9400F5C0CB /* View */,
			);
			path = TaskEditor;
			sourceTree = "<group>";
		};
		49D1616221D03A9400F5C0CB /* View */ = {
			isa = PBXGroup;
			children = (
				49D1616621D03ADD00F5C0CB /* Protocols */,
				49D1616C21D0440700F5C0CB /* TaskEditorViewController.swift */,
				49D1617621D0BEFA00F5C0CB /* TextFieldTableViewCell.swift */,
				49D1617821D0BF2800F5C0CB /* TextAreaTableViewCell.swift */,
				49D1617A21D0BF8000F5C0CB /* TextTableViewCell.swift */,
			);
			path = View;
			sourceTree = "<group>";
		};
		49D1616321D03A9B00F5C0CB /* Presenter */ = {
			isa = PBXGroup;
			children = (
				49D1616E21D0443500F5C0CB /* TaskEditorPresenter.swift */,
			);
			path = Presenter;
			sourceTree = "<group>";
		};
		49D1616421D03A9F00F5C0CB /* Interactor */ = {
			isa = PBXGroup;
			children = (
				49D1616721D03AE500F5C0CB /* Protocols */,
				49D1617221D0446700F5C0CB /* TaskEditorInteractor.swift */,
			);
			path = Interactor;
			sourceTree = "<group>";
		};
		49D1616521D03AA500F5C0CB /* Assembly */ = {
			isa = PBXGroup;
			children = (
				49D1617421D0447600F5C0CB /* TaskEditorAssembly.swift */,
			);
			path = Assembly;
			sourceTree = "<group>";
		};
		49D1616621D03ADD00F5C0CB /* Protocols */ = {
			isa = PBXGroup;
			children = (
				49D1616821D043CB00F5C0CB /* TaskEditorViewProtocols.swift */,
				49D1616A21D043F500F5C0CB /* TaskEditorViewModels.swift */,
			);
			path = Protocols;
			sourceTree = "<group>";
		};
		49D1616721D03AE500F5C0CB /* Protocols */ = {
			isa = PBXGroup;
			children = (
				49D1617021D0445B00F5C0CB /* TaskEditorInteractorProtocols.swift */,
			);
			path = Protocols;
			sourceTree = "<group>";
		};
		49D1618421D0F30E00F5C0CB /* Router */ = {
			isa = PBXGroup;
			children = (
				49D1618521D0F31B00F5C0CB /* TaskEditorRouter.swift */,
			);
			path = Router;
			sourceTree = "<group>";
		};
		49D1618921D111A600F5C0CB /* StatusPicker */ = {
			isa = PBXGroup;
			children = (
				49D1618D21D111D500F5C0CB /* Router */,
				49D1618C21D111CF00F5C0CB /* Assembly */,
				49D1618B21D111C400F5C0CB /* Presenter */,
				49D1618A21D111BF00F5C0CB /* View */,
			);
			path = StatusPicker;
			sourceTree = "<group>";
		};
		49D1618A21D111BF00F5C0CB /* View */ = {
			isa = PBXGroup;
			children = (
				49D1618E21D111E700F5C0CB /* Protocols */,
				49D1619421D1133800F5C0CB /* StatusPickerTableViewController.swift */,
			);
			path = View;
			sourceTree = "<group>";
		};
		49D1618B21D111C400F5C0CB /* Presenter */ = {
			isa = PBXGroup;
			children = (
				49D1619A21D1189300F5C0CB /* Protocols */,
				49D1619821D117BD00F5C0CB /* StatusPickerPresenter.swift */,
			);
			path = Presenter;
			sourceTree = "<group>";
		};
		49D1618C21D111CF00F5C0CB /* Assembly */ = {
			isa = PBXGroup;
			children = (
			);
			path = Assembly;
			sourceTree = "<group>";
		};
		49D1618D21D111D500F5C0CB /* Router */ = {
			isa = PBXGroup;
			children = (
				49D1619D21D11AEA00F5C0CB /* StatusPickerRouter.swift */,
			);
			path = Router;
			sourceTree = "<group>";
		};
		49D1618E21D111E700F5C0CB /* Protocols */ = {
			isa = PBXGroup;
			children = (
				49D1618F21D1124100F5C0CB /* StatusPickerViewProtocols.swift */,
				49D1619221D112A800F5C0CB /* StatusPickerViewModels.swift */,
			);
			path = Protocols;
			sourceTree = "<group>";
		};
		49D1619A21D1189300F5C0CB /* Protocols */ = {
			isa = PBXGroup;
			children = (
				49D1619B21D118A700F5C0CB /* StatusPickerModuleProtocols.swift */,
			);
			path = Protocols;
			sourceTree = "<group>";
		};
/* End PBXGroup section */

/* Begin PBXNativeTarget section */
		49D1610321CE68BB00F5C0CB /* ToDo */ = {
			isa = PBXNativeTarget;
			buildConfigurationList = 49D1611621CE68C000F5C0CB /* Build configuration list for PBXNativeTarget "ToDo" */;
			buildPhases = (
				49D1610021CE68BB00F5C0CB /* Sources */,
				49D1610121CE68BB00F5C0CB /* Frameworks */,
				49D1610221CE68BB00F5C0CB /* Resources */,
				49D1616021D0342300F5C0CB /* Embed Frameworks */,
			);
			buildRules = (
			);
			dependencies = (
			);
			name = ToDo;
			productName = ToDo;
			productReference = 49D1610421CE68BB00F5C0CB /* ToDo.app */;
			productType = "com.apple.product-type.application";
		};
/* End PBXNativeTarget section */

/* Begin PBXProject section */
		49D160FC21CE68BB00F5C0CB /* Project object */ = {
			isa = PBXProject;
			attributes = {
				LastSwiftUpdateCheck = 1010;
				LastUpgradeCheck = 1010;
				ORGANIZATIONNAME = Kinoplan;
				TargetAttributes = {
					49D1610321CE68BB00F5C0CB = {
						CreatedOnToolsVersion = 10.1;
					};
				};
			};
			buildConfigurationList = 49D160FF21CE68BB00F5C0CB /* Build configuration list for PBXProject "ToDo" */;
			compatibilityVersion = "Xcode 9.3";
			developmentRegion = en;
			hasScannedForEncodings = 0;
			knownRegions = (
				en,
				Base,
			);
			mainGroup = 49D160FB21CE68BB00F5C0CB;
			productRefGroup = 49D1610521CE68BB00F5C0CB /* Products */;
			projectDirPath = "";
			projectRoot = "";
			targets = (
				49D1610321CE68BB00F5C0CB /* ToDo */,
			);
		};
/* End PBXProject section */

/* Begin PBXResourcesBuildPhase section */
		49D1610221CE68BB00F5C0CB /* Resources */ = {
			isa = PBXResourcesBuildPhase;
			buildActionMask = 2147483647;
			files = (
				49D1611221CE68C000F5C0CB /* LaunchScreen.storyboard in Resources */,
				49D1610F21CE68C000F5C0CB /* Assets.xcassets in Resources */,
				49D1615621D012F200F5C0CB /* Cartfile in Resources */,
				49D1610D21CE68BB00F5C0CB /* Main.storyboard in Resources */,
			);
			runOnlyForDeploymentPostprocessing = 0;
		};
/* End PBXResourcesBuildPhase section */

/* Begin PBXSourcesBuildPhase section */
		49D1610021CE68BB00F5C0CB /* Sources */ = {
			isa = PBXSourcesBuildPhase;
			buildActionMask = 2147483647;
			files = (
				49D1619321D112A800F5C0CB /* StatusPickerViewModels.swift in Sources */,
				49D1619C21D118A700F5C0CB /* StatusPickerModuleProtocols.swift in Sources */,
				49D1616B21D043F500F5C0CB /* TaskEditorViewModels.swift in Sources */,
				49D1615021D0039800F5C0CB /* TasksListRouter.swift in Sources */,
				49D1610A21CE68BB00F5C0CB /* ViewController.swift in Sources */,
				49D1617721D0BEFA00F5C0CB /* TextFieldTableViewCell.swift in Sources */,
				49D1619E21D11AEA00F5C0CB /* StatusPickerRouter.swift in Sources */,
				49D1614A21D0033700F5C0CB /* TasksListInteractorProtocols.swift in Sources */,
				49D1617B21D0BF8000F5C0CB /* TextTableViewCell.swift in Sources */,
				49D1617321D0446700F5C0CB /* TaskEditorInteractor.swift in Sources */,
				49D1617121D0445B00F5C0CB /* TaskEditorInteractorProtocols.swift in Sources */,
				49D1619521D1133800F5C0CB /* StatusPickerTableViewController.swift in Sources */,
				49D1614521D0031B00F5C0CB /* TasksListViewProtocols.swift in Sources */,
				49D1616921D043CB00F5C0CB /* TaskEditorViewProtocols.swift in Sources */,
				49D1616F21D0443500F5C0CB /* TaskEditorPresenter.swift in Sources */,
				49D1615421D00BF400F5C0CB /* StoreServiceErrors.swift in Sources */,
				49D1618621D0F31B00F5C0CB /* TaskEditorRouter.swift in Sources */,
				49D1616D21D0440700F5C0CB /* TaskEditorViewController.swift in Sources */,
				49D1611D21CE6C0300F5C0CB /* ToDoStatus.swift in Sources */,
				49D1617921D0BF2800F5C0CB /* TextAreaTableViewCell.swift in Sources */,
				49D1614E21D0038C00F5C0CB /* TasksListAssembly.swift in Sources */,
				49D1610821CE68BB00F5C0CB /* AppDelegate.swift in Sources */,
				49D1615D21D0170900F5C0CB /* TaskListTableViewCell.swift in Sources */,
				49D1615221D003E400F5C0CB /* TasksListViewModels.swift in Sources */,
				49D1614C21D0034100F5C0CB /* TasksListInteractor.swift in Sources */,
				49D1614821D0032A00F5C0CB /* TasksListPresenter.swift in Sources */,
				49D1619921D117BD00F5C0CB /* StatusPickerPresenter.swift in Sources */,
				49D1618821D0F38D00F5C0CB /* DatePicker.swift in Sources */,
				49D1619021D1124100F5C0CB /* StatusPickerViewProtocols.swift in Sources */,
				49D1612121CE6E9F00F5C0CB /* StoreService.swift in Sources */,
				49D1614221D0030700F5C0CB /* TasksListViewController.swift in Sources */,
				49D1611B21CE69D400F5C0CB /* ToDoItem.swift in Sources */,
				49D1617521D0447600F5C0CB /* TaskEditorAssembly.swift in Sources */,
				49D1612521CFCAB400F5C0CB /* InMemoryStoreService.swift in Sources */,
				49D1618321D0EFD500F5C0CB /* TransitionHandler.swift in Sources */,
			);
			runOnlyForDeploymentPostprocessing = 0;
		};
/* End PBXSourcesBuildPhase section */

/* Begin PBXVariantGroup section */
		49D1610B21CE68BB00F5C0CB /* Main.storyboard */ = {
			isa = PBXVariantGroup;
			children = (
				49D1610C21CE68BB00F5C0CB /* Base */,
			);
			name = Main.storyboard;
			sourceTree = "<group>";
		};
		49D1611021CE68C000F5C0CB /* LaunchScreen.storyboard */ = {
			isa = PBXVariantGroup;
			children = (
				49D1611121CE68C000F5C0CB /* Base */,
			);
			name = LaunchScreen.storyboard;
			sourceTree = "<group>";
		};
/* End PBXVariantGroup section */

/* Begin XCBuildConfiguration section */
		49D1611421CE68C000F5C0CB /* Debug */ = {
			isa = XCBuildConfiguration;
			buildSettings = {
				ALWAYS_SEARCH_USER_PATHS = NO;
				CLANG_ANALYZER_NONNULL = YES;
				CLANG_ANALYZER_NUMBER_OBJECT_CONVERSION = YES_AGGRESSIVE;
				CLANG_CXX_LANGUAGE_STANDARD = "gnu++14";
				CLANG_CXX_LIBRARY = "libc++";
				CLANG_ENABLE_MODULES = YES;
				CLANG_ENABLE_OBJC_ARC = YES;
				CLANG_ENABLE_OBJC_WEAK = YES;
				CLANG_WARN_BLOCK_CAPTURE_AUTORELEASING = YES;
				CLANG_WARN_BOOL_CONVERSION = YES;
				CLANG_WARN_COMMA = YES;
				CLANG_WARN_CONSTANT_CONVERSION = YES;
				CLANG_WARN_DEPRECATED_OBJC_IMPLEMENTATIONS = YES;
				CLANG_WARN_DIRECT_OBJC_ISA_USAGE = YES_ERROR;
				CLANG_WARN_DOCUMENTATION_COMMENTS = YES;
				CLANG_WARN_EMPTY_BODY = YES;
				CLANG_WARN_ENUM_CONVERSION = YES;
				CLANG_WARN_INFINITE_RECURSION = YES;
				CLANG_WARN_INT_CONVERSION = YES;
				CLANG_WARN_NON_LITERAL_NULL_CONVERSION = YES;
				CLANG_WARN_OBJC_IMPLICIT_RETAIN_SELF = YES;
				CLANG_WARN_OBJC_LITERAL_CONVERSION = YES;
				CLANG_WARN_OBJC_ROOT_CLASS = YES_ERROR;
				CLANG_WARN_RANGE_LOOP_ANALYSIS = YES;
				CLANG_WARN_STRICT_PROTOTYPES = YES;
				CLANG_WARN_SUSPICIOUS_MOVE = YES;
				CLANG_WARN_UNGUARDED_AVAILABILITY = YES_AGGRESSIVE;
				CLANG_WARN_UNREACHABLE_CODE = YES;
				CLANG_WARN__DUPLICATE_METHOD_MATCH = YES;
				CODE_SIGN_IDENTITY = "iPhone Developer";
				COPY_PHASE_STRIP = NO;
				DEBUG_INFORMATION_FORMAT = dwarf;
				ENABLE_STRICT_OBJC_MSGSEND = YES;
				ENABLE_TESTABILITY = YES;
				GCC_C_LANGUAGE_STANDARD = gnu11;
				GCC_DYNAMIC_NO_PIC = NO;
				GCC_NO_COMMON_BLOCKS = YES;
				GCC_OPTIMIZATION_LEVEL = 0;
				GCC_PREPROCESSOR_DEFINITIONS = (
					"DEBUG=1",
					"$(inherited)",
				);
				GCC_WARN_64_TO_32_BIT_CONVERSION = YES;
				GCC_WARN_ABOUT_RETURN_TYPE = YES_ERROR;
				GCC_WARN_UNDECLARED_SELECTOR = YES;
				GCC_WARN_UNINITIALIZED_AUTOS = YES_AGGRESSIVE;
				GCC_WARN_UNUSED_FUNCTION = YES;
				GCC_WARN_UNUSED_VARIABLE = YES;
				IPHONEOS_DEPLOYMENT_TARGET = 12.1;
				MTL_ENABLE_DEBUG_INFO = INCLUDE_SOURCE;
				MTL_FAST_MATH = YES;
				ONLY_ACTIVE_ARCH = YES;
				SDKROOT = iphoneos;
				SWIFT_ACTIVE_COMPILATION_CONDITIONS = DEBUG;
				SWIFT_OPTIMIZATION_LEVEL = "-Onone";
			};
			name = Debug;
		};
		49D1611521CE68C000F5C0CB /* Release */ = {
			isa = XCBuildConfiguration;
			buildSettings = {
				ALWAYS_SEARCH_USER_PATHS = NO;
				CLANG_ANALYZER_NONNULL = YES;
				CLANG_ANALYZER_NUMBER_OBJECT_CONVERSION = YES_AGGRESSIVE;
				CLANG_CXX_LANGUAGE_STANDARD = "gnu++14";
				CLANG_CXX_LIBRARY = "libc++";
				CLANG_ENABLE_MODULES = YES;
				CLANG_ENABLE_OBJC_ARC = YES;
				CLANG_ENABLE_OBJC_WEAK = YES;
				CLANG_WARN_BLOCK_CAPTURE_AUTORELEASING = YES;
				CLANG_WARN_BOOL_CONVERSION = YES;
				CLANG_WARN_COMMA = YES;
				CLANG_WARN_CONSTANT_CONVERSION = YES;
				CLANG_WARN_DEPRECATED_OBJC_IMPLEMENTATIONS = YES;
				CLANG_WARN_DIRECT_OBJC_ISA_USAGE = YES_ERROR;
				CLANG_WARN_DOCUMENTATION_COMMENTS = YES;
				CLANG_WARN_EMPTY_BODY = YES;
				CLANG_WARN_ENUM_CONVERSION = YES;
				CLANG_WARN_INFINITE_RECURSION = YES;
				CLANG_WARN_INT_CONVERSION = YES;
				CLANG_WARN_NON_LITERAL_NULL_CONVERSION = YES;
				CLANG_WARN_OBJC_IMPLICIT_RETAIN_SELF = YES;
				CLANG_WARN_OBJC_LITERAL_CONVERSION = YES;
				CLANG_WARN_OBJC_ROOT_CLASS = YES_ERROR;
				CLANG_WARN_RANGE_LOOP_ANALYSIS = YES;
				CLANG_WARN_STRICT_PROTOTYPES = YES;
				CLANG_WARN_SUSPICIOUS_MOVE = YES;
				CLANG_WARN_UNGUARDED_AVAILABILITY = YES_AGGRESSIVE;
				CLANG_WARN_UNREACHABLE_CODE = YES;
				CLANG_WARN__DUPLICATE_METHOD_MATCH = YES;
				CODE_SIGN_IDENTITY = "iPhone Developer";
				COPY_PHASE_STRIP = NO;
				DEBUG_INFORMATION_FORMAT = "dwarf-with-dsym";
				ENABLE_NS_ASSERTIONS = NO;
				ENABLE_STRICT_OBJC_MSGSEND = YES;
				GCC_C_LANGUAGE_STANDARD = gnu11;
				GCC_NO_COMMON_BLOCKS = YES;
				GCC_WARN_64_TO_32_BIT_CONVERSION = YES;
				GCC_WARN_ABOUT_RETURN_TYPE = YES_ERROR;
				GCC_WARN_UNDECLARED_SELECTOR = YES;
				GCC_WARN_UNINITIALIZED_AUTOS = YES_AGGRESSIVE;
				GCC_WARN_UNUSED_FUNCTION = YES;
				GCC_WARN_UNUSED_VARIABLE = YES;
				IPHONEOS_DEPLOYMENT_TARGET = 12.1;
				MTL_ENABLE_DEBUG_INFO = NO;
				MTL_FAST_MATH = YES;
				SDKROOT = iphoneos;
				SWIFT_COMPILATION_MODE = wholemodule;
				SWIFT_OPTIMIZATION_LEVEL = "-O";
				VALIDATE_PRODUCT = YES;
			};
			name = Release;
		};
		49D1611721CE68C000F5C0CB /* Debug */ = {
			isa = XCBuildConfiguration;
			buildSettings = {
				ASSETCATALOG_COMPILER_APPICON_NAME = AppIcon;
				CODE_SIGN_STYLE = Automatic;
				DEVELOPMENT_TEAM = P8L6K7JNJ7;
				FRAMEWORK_SEARCH_PATHS = (
					"$(inherited)",
					"$(PROJECT_DIR)/Carthage/Build/iOS",
				);
				INFOPLIST_FILE = ToDo/Info.plist;
				LD_RUNPATH_SEARCH_PATHS = (
					"$(inherited)",
					"@executable_path/Frameworks",
				);
				PRODUCT_BUNDLE_IDENTIFIER = com.voinc.ToDo;
				PRODUCT_NAME = "$(TARGET_NAME)";
				SWIFT_VERSION = 4.2;
				TARGETED_DEVICE_FAMILY = "1,2";
			};
			name = Debug;
		};
		49D1611821CE68C000F5C0CB /* Release */ = {
			isa = XCBuildConfiguration;
			buildSettings = {
				ASSETCATALOG_COMPILER_APPICON_NAME = AppIcon;
				CODE_SIGN_STYLE = Automatic;
				DEVELOPMENT_TEAM = P8L6K7JNJ7;
				FRAMEWORK_SEARCH_PATHS = (
					"$(inherited)",
					"$(PROJECT_DIR)/Carthage/Build/iOS",
				);
				INFOPLIST_FILE = ToDo/Info.plist;
				LD_RUNPATH_SEARCH_PATHS = (
					"$(inherited)",
					"@executable_path/Frameworks",
				);
				PRODUCT_BUNDLE_IDENTIFIER = com.voinc.ToDo;
				PRODUCT_NAME = "$(TARGET_NAME)";
				SWIFT_VERSION = 4.2;
				TARGETED_DEVICE_FAMILY = "1,2";
			};
			name = Release;
		};
/* End XCBuildConfiguration section */

/* Begin XCConfigurationList section */
		49D160FF21CE68BB00F5C0CB /* Build configuration list for PBXProject "ToDo" */ = {
			isa = XCConfigurationList;
			buildConfigurations = (
				49D1611421CE68C000F5C0CB /* Debug */,
				49D1611521CE68C000F5C0CB /* Release */,
			);
			defaultConfigurationIsVisible = 0;
			defaultConfigurationName = Release;
		};
		49D1611621CE68C000F5C0CB /* Build configuration list for PBXNativeTarget "ToDo" */ = {
			isa = XCConfigurationList;
			buildConfigurations = (
				49D1611721CE68C000F5C0CB /* Debug */,
				49D1611821CE68C000F5C0CB /* Release */,
			);
			defaultConfigurationIsVisible = 0;
			defaultConfigurationName = Release;
		};
/* End XCConfigurationList section */
	};
	rootObject = 49D160FC21CE68BB00F5C0CB /* Project object */;
}
